// !$*UTF8*$!
{
	archiveVersion = 1;
	classes = {
	};
	objectVersion = 48;
	objects = {

/* Begin PBXBuildFile section */
		6791CA039046628265FE7868 /* Pods_MainMagicEightBallUITests.framework in Frameworks */ = {isa = PBXBuildFile; fileRef = 8DFBCCAA0A99E7D8B19C0F22 /* Pods_MainMagicEightBallUITests.framework */; };
		874A77BC1E96A7F200FD4AB4 /* MainMagicEightSteps.swift in Sources */ = {isa = PBXBuildFile; fileRef = 874A77BB1E96A7F200FD4AB4 /* MainMagicEightSteps.swift */; };
		87B469511E954F1A0061E8E5 /* AppDelegate.swift in Sources */ = {isa = PBXBuildFile; fileRef = 87B469501E954F1A0061E8E5 /* AppDelegate.swift */; };
		87B469531E954F1A0061E8E5 /* ViewController.swift in Sources */ = {isa = PBXBuildFile; fileRef = 87B469521E954F1A0061E8E5 /* ViewController.swift */; };
		87B469551E954F1A0061E8E5 /* Assets.xcassets in Resources */ = {isa = PBXBuildFile; fileRef = 87B469541E954F1A0061E8E5 /* Assets.xcassets */; };
		87B469581E954F1A0061E8E5 /* Main.storyboard in Resources */ = {isa = PBXBuildFile; fileRef = 87B469561E954F1A0061E8E5 /* Main.storyboard */; };
		87B469631E954F1A0061E8E5 /* MainMagicEightBallTests.swift in Sources */ = {isa = PBXBuildFile; fileRef = 87B469621E954F1A0061E8E5 /* MainMagicEightBallTests.swift */; };
		87B4696E1E954F1A0061E8E5 /* MainMagicEightBallUITests.swift in Sources */ = {isa = PBXBuildFile; fileRef = 87B4696D1E954F1A0061E8E5 /* MainMagicEightBallUITests.swift */; };
/* End PBXBuildFile section */

/* Begin PBXContainerItemProxy section */
		87B4695F1E954F1A0061E8E5 /* PBXContainerItemProxy */ = {
			isa = PBXContainerItemProxy;
			containerPortal = 87B469451E954F1A0061E8E5 /* Project object */;
			proxyType = 1;
			remoteGlobalIDString = 87B4694C1E954F1A0061E8E5;
			remoteInfo = MainMagicEightBall;
		};
		87B4696A1E954F1A0061E8E5 /* PBXContainerItemProxy */ = {
			isa = PBXContainerItemProxy;
			containerPortal = 87B469451E954F1A0061E8E5 /* Project object */;
			proxyType = 1;
			remoteGlobalIDString = 87B4694C1E954F1A0061E8E5;
			remoteInfo = MainMagicEightBall;
		};
/* End PBXContainerItemProxy section */

/* Begin PBXFileReference section */
		147172C67BE83756FE20AE27 /* Pods_MainMagicEightBall.framework */ = {isa = PBXFileReference; explicitFileType = wrapper.framework; includeInIndex = 0; path = Pods_MainMagicEightBall.framework; sourceTree = BUILT_PRODUCTS_DIR; };
		3361D3C6DCB86B205A9FF203 /* Pods-MainMagicEightBallUITests.debug.xcconfig */ = {isa = PBXFileReference; includeInIndex = 1; lastKnownFileType = text.xcconfig; name = "Pods-MainMagicEightBallUITests.debug.xcconfig"; path = "Pods/Target Support Files/Pods-MainMagicEightBallUITests/Pods-MainMagicEightBallUITests.debug.xcconfig"; sourceTree = "<group>"; };
		6ECCC9D1C4F5506932371FFB /* Pods-MainMagicEightBallUITests.release.xcconfig */ = {isa = PBXFileReference; includeInIndex = 1; lastKnownFileType = text.xcconfig; name = "Pods-MainMagicEightBallUITests.release.xcconfig"; path = "Pods/Target Support Files/Pods-MainMagicEightBallUITests/Pods-MainMagicEightBallUITests.release.xcconfig"; sourceTree = "<group>"; };
		874A77BB1E96A7F200FD4AB4 /* MainMagicEightSteps.swift */ = {isa = PBXFileReference; fileEncoding = 4; lastKnownFileType = sourcecode.swift; name = MainMagicEightSteps.swift; path = StepDefinitions/MainMagicEightSteps.swift; sourceTree = "<group>"; };
		87B4694D1E954F1A0061E8E5 /* MainMagicEightBall.app */ = {isa = PBXFileReference; explicitFileType = wrapper.application; includeInIndex = 0; path = MainMagicEightBall.app; sourceTree = BUILT_PRODUCTS_DIR; };
		87B469501E954F1A0061E8E5 /* AppDelegate.swift */ = {isa = PBXFileReference; lastKnownFileType = sourcecode.swift; path = AppDelegate.swift; sourceTree = "<group>"; };
		87B469521E954F1A0061E8E5 /* ViewController.swift */ = {isa = PBXFileReference; lastKnownFileType = sourcecode.swift; path = ViewController.swift; sourceTree = "<group>"; };
		87B469541E954F1A0061E8E5 /* Assets.xcassets */ = {isa = PBXFileReference; lastKnownFileType = folder.assetcatalog; path = Assets.xcassets; sourceTree = "<group>"; };
		87B469571E954F1A0061E8E5 /* Base */ = {isa = PBXFileReference; lastKnownFileType = file.storyboard; name = Base; path = Base.lproj/Main.storyboard; sourceTree = "<group>"; };
		87B469591E954F1A0061E8E5 /* Info.plist */ = {isa = PBXFileReference; lastKnownFileType = text.plist.xml; path = Info.plist; sourceTree = "<group>"; };
		87B4695E1E954F1A0061E8E5 /* MainMagicEightBallTests.xctest */ = {isa = PBXFileReference; explicitFileType = wrapper.cfbundle; includeInIndex = 0; path = MainMagicEightBallTests.xctest; sourceTree = BUILT_PRODUCTS_DIR; };
		87B469621E954F1A0061E8E5 /* MainMagicEightBallTests.swift */ = {isa = PBXFileReference; lastKnownFileType = sourcecode.swift; path = MainMagicEightBallTests.swift; sourceTree = "<group>"; };
		87B469641E954F1A0061E8E5 /* Info.plist */ = {isa = PBXFileReference; lastKnownFileType = text.plist.xml; path = Info.plist; sourceTree = "<group>"; };
		87B469691E954F1A0061E8E5 /* MainMagicEightBallUITests.xctest */ = {isa = PBXFileReference; explicitFileType = wrapper.cfbundle; includeInIndex = 0; path = MainMagicEightBallUITests.xctest; sourceTree = BUILT_PRODUCTS_DIR; };
		87B4696D1E954F1A0061E8E5 /* MainMagicEightBallUITests.swift */ = {isa = PBXFileReference; lastKnownFileType = sourcecode.swift; path = MainMagicEightBallUITests.swift; sourceTree = "<group>"; };
		87B4696F1E954F1A0061E8E5 /* Info.plist */ = {isa = PBXFileReference; lastKnownFileType = text.plist.xml; path = Info.plist; sourceTree = "<group>"; };
		8DFBCCAA0A99E7D8B19C0F22 /* Pods_MainMagicEightBallUITests.framework */ = {isa = PBXFileReference; explicitFileType = wrapper.framework; includeInIndex = 0; path = Pods_MainMagicEightBallUITests.framework; sourceTree = BUILT_PRODUCTS_DIR; };
		B75E4BF6D2FE85CFB6DA4A29 /* Pods_MainMagicEightBallTests.framework */ = {isa = PBXFileReference; explicitFileType = wrapper.framework; includeInIndex = 0; path = Pods_MainMagicEightBallTests.framework; sourceTree = BUILT_PRODUCTS_DIR; };
/* End PBXFileReference section */

/* Begin PBXFrameworksBuildPhase section */
		87B4694A1E954F1A0061E8E5 /* Frameworks */ = {
			isa = PBXFrameworksBuildPhase;
			buildActionMask = 2147483647;
			files = (
			);
			runOnlyForDeploymentPostprocessing = 0;
		};
		87B4695B1E954F1A0061E8E5 /* Frameworks */ = {
			isa = PBXFrameworksBuildPhase;
			buildActionMask = 2147483647;
			files = (
			);
			runOnlyForDeploymentPostprocessing = 0;
		};
		87B469661E954F1A0061E8E5 /* Frameworks */ = {
			isa = PBXFrameworksBuildPhase;
			buildActionMask = 2147483647;
			files = (
				6791CA039046628265FE7868 /* Pods_MainMagicEightBallUITests.framework in Frameworks */,
			);
			runOnlyForDeploymentPostprocessing = 0;
		};
/* End PBXFrameworksBuildPhase section */

/* Begin PBXGroup section */
		038A019166959E3213B61105 /* Frameworks */ = {
			isa = PBXGroup;
			children = (
				147172C67BE83756FE20AE27 /* Pods_MainMagicEightBall.framework */,
				B75E4BF6D2FE85CFB6DA4A29 /* Pods_MainMagicEightBallTests.framework */,
				8DFBCCAA0A99E7D8B19C0F22 /* Pods_MainMagicEightBallUITests.framework */,
			);
			name = Frameworks;
			sourceTree = "<group>";
		};
		6B7E3FEAE232DD61EBDB92A0 /* Pods */ = {
			isa = PBXGroup;
			children = (
				3361D3C6DCB86B205A9FF203 /* Pods-MainMagicEightBallUITests.debug.xcconfig */,
				6ECCC9D1C4F5506932371FFB /* Pods-MainMagicEightBallUITests.release.xcconfig */,
			);
			name = Pods;
			sourceTree = "<group>";
		};
		874A77B31E969E4B00FD4AB4 /* StepDefinitions */ = {
			isa = PBXGroup;
			children = (
				874A77BB1E96A7F200FD4AB4 /* MainMagicEightSteps.swift */,
			);
			name = StepDefinitions;
			sourceTree = "<group>";
		};
		874A77B41E969E5F00FD4AB4 /* Screens */ = {
			isa = PBXGroup;
			children = (
			);
			name = Screens;
			sourceTree = "<group>";
		};
		87B469441E954F1A0061E8E5 = {
			isa = PBXGroup;
			children = (
				87B4694F1E954F1A0061E8E5 /* MainMagicEightBall */,
				87B469611E954F1A0061E8E5 /* MainMagicEightBallTests */,
				87B4696C1E954F1A0061E8E5 /* MainMagicEightBallUITests */,
				87B4694E1E954F1A0061E8E5 /* Products */,
				6B7E3FEAE232DD61EBDB92A0 /* Pods */,
				038A019166959E3213B61105 /* Frameworks */,
			);
			sourceTree = "<group>";
		};
		87B4694E1E954F1A0061E8E5 /* Products */ = {
			isa = PBXGroup;
			children = (
				87B4694D1E954F1A0061E8E5 /* MainMagicEightBall.app */,
				87B4695E1E954F1A0061E8E5 /* MainMagicEightBallTests.xctest */,
				87B469691E954F1A0061E8E5 /* MainMagicEightBallUITests.xctest */,
			);
			name = Products;
			sourceTree = "<group>";
		};
		87B4694F1E954F1A0061E8E5 /* MainMagicEightBall */ = {
			isa = PBXGroup;
			children = (
				87B469501E954F1A0061E8E5 /* AppDelegate.swift */,
				87B469521E954F1A0061E8E5 /* ViewController.swift */,
				87B469541E954F1A0061E8E5 /* Assets.xcassets */,
				87B469561E954F1A0061E8E5 /* Main.storyboard */,
				87B469591E954F1A0061E8E5 /* Info.plist */,
			);
			path = MainMagicEightBall;
			sourceTree = "<group>";
		};
		87B469611E954F1A0061E8E5 /* MainMagicEightBallTests */ = {
			isa = PBXGroup;
			children = (
				87B469621E954F1A0061E8E5 /* MainMagicEightBallTests.swift */,
				87B469641E954F1A0061E8E5 /* Info.plist */,
			);
			path = MainMagicEightBallTests;
			sourceTree = "<group>";
		};
		87B4696C1E954F1A0061E8E5 /* MainMagicEightBallUITests */ = {
			isa = PBXGroup;
			children = (
				874A77B41E969E5F00FD4AB4 /* Screens */,
				874A77B31E969E4B00FD4AB4 /* StepDefinitions */,
				87B4696D1E954F1A0061E8E5 /* MainMagicEightBallUITests.swift */,
				87B4696F1E954F1A0061E8E5 /* Info.plist */,
			);
			path = MainMagicEightBallUITests;
			sourceTree = "<group>";
		};
/* End PBXGroup section */

/* Begin PBXNativeTarget section */
		87B4694C1E954F1A0061E8E5 /* MainMagicEightBall */ = {
			isa = PBXNativeTarget;
			buildConfigurationList = 87B469721E954F1A0061E8E5 /* Build configuration list for PBXNativeTarget "MainMagicEightBall" */;
			buildPhases = (
				87B469491E954F1A0061E8E5 /* Sources */,
				87B4694A1E954F1A0061E8E5 /* Frameworks */,
				87B4694B1E954F1A0061E8E5 /* Resources */,
			);
			buildRules = (
			);
			dependencies = (
			);
			name = MainMagicEightBall;
			productName = MainMagicEightBall;
			productReference = 87B4694D1E954F1A0061E8E5 /* MainMagicEightBall.app */;
			productType = "com.apple.product-type.application";
		};
		87B4695D1E954F1A0061E8E5 /* MainMagicEightBallTests */ = {
			isa = PBXNativeTarget;
			buildConfigurationList = 87B469751E954F1A0061E8E5 /* Build configuration list for PBXNativeTarget "MainMagicEightBallTests" */;
			buildPhases = (
				87B4695A1E954F1A0061E8E5 /* Sources */,
				87B4695B1E954F1A0061E8E5 /* Frameworks */,
				87B4695C1E954F1A0061E8E5 /* Resources */,
			);
			buildRules = (
			);
			dependencies = (
				87B469601E954F1A0061E8E5 /* PBXTargetDependency */,
			);
			name = MainMagicEightBallTests;
			productName = MainMagicEightBallTests;
			productReference = 87B4695E1E954F1A0061E8E5 /* MainMagicEightBallTests.xctest */;
			productType = "com.apple.product-type.bundle.unit-test";
		};
		87B469681E954F1A0061E8E5 /* MainMagicEightBallUITests */ = {
			isa = PBXNativeTarget;
			buildConfigurationList = 87B469781E954F1A0061E8E5 /* Build configuration list for PBXNativeTarget "MainMagicEightBallUITests" */;
			buildPhases = (
				88C3D70C53FCAF4BCEAD302C /* [CP] Check Pods Manifest.lock */,
				87B469651E954F1A0061E8E5 /* Sources */,
				87B469661E954F1A0061E8E5 /* Frameworks */,
				87B469671E954F1A0061E8E5 /* Resources */,
				9D472D1EB0C9EBD64FCDF2AD /* [CP] Embed Pods Frameworks */,
				208DFEAD1B558002E96770D4 /* [CP] Copy Pods Resources */,
			);
			buildRules = (
			);
			dependencies = (
				87B4696B1E954F1A0061E8E5 /* PBXTargetDependency */,
			);
			name = MainMagicEightBallUITests;
			productName = MainMagicEightBallUITests;
			productReference = 87B469691E954F1A0061E8E5 /* MainMagicEightBallUITests.xctest */;
			productType = "com.apple.product-type.bundle.ui-testing";
		};
/* End PBXNativeTarget section */

/* Begin PBXProject section */
		87B469451E954F1A0061E8E5 /* Project object */ = {
			isa = PBXProject;
			attributes = {
				LastSwiftUpdateCheck = 0830;
				LastUpgradeCheck = 0830;
				ORGANIZATIONNAME = "Thomas Knee";
				TargetAttributes = {
					87B4694C1E954F1A0061E8E5 = {
						CreatedOnToolsVersion = 8.3;
						ProvisioningStyle = Automatic;
					};
					87B4695D1E954F1A0061E8E5 = {
						CreatedOnToolsVersion = 8.3;
						DevelopmentTeam = 5DX28DMRKD;
						ProvisioningStyle = Automatic;
						TestTargetID = 87B4694C1E954F1A0061E8E5;
					};
					87B469681E954F1A0061E8E5 = {
						CreatedOnToolsVersion = 8.3;
						ProvisioningStyle = Automatic;
						TestTargetID = 87B4694C1E954F1A0061E8E5;
					};
				};
			};
			buildConfigurationList = 87B469481E954F1A0061E8E5 /* Build configuration list for PBXProject "MainMagicEightBall" */;
			compatibilityVersion = "Xcode 8.0";
			developmentRegion = English;
			hasScannedForEncodings = 0;
			knownRegions = (
				en,
				Base,
			);
			mainGroup = 87B469441E954F1A0061E8E5;
			productRefGroup = 87B4694E1E954F1A0061E8E5 /* Products */;
			projectDirPath = "";
			projectRoot = "";
			targets = (
				87B4694C1E954F1A0061E8E5 /* MainMagicEightBall */,
				87B4695D1E954F1A0061E8E5 /* MainMagicEightBallTests */,
				87B469681E954F1A0061E8E5 /* MainMagicEightBallUITests */,
			);
		};
/* End PBXProject section */

/* Begin PBXResourcesBuildPhase section */
		87B4694B1E954F1A0061E8E5 /* Resources */ = {
			isa = PBXResourcesBuildPhase;
			buildActionMask = 2147483647;
			files = (
				87B469551E954F1A0061E8E5 /* Assets.xcassets in Resources */,
				87B469581E954F1A0061E8E5 /* Main.storyboard in Resources */,
			);
			runOnlyForDeploymentPostprocessing = 0;
		};
		87B4695C1E954F1A0061E8E5 /* Resources */ = {
			isa = PBXResourcesBuildPhase;
			buildActionMask = 2147483647;
			files = (
			);
			runOnlyForDeploymentPostprocessing = 0;
		};
		87B469671E954F1A0061E8E5 /* Resources */ = {
			isa = PBXResourcesBuildPhase;
			buildActionMask = 2147483647;
			files = (
			);
			runOnlyForDeploymentPostprocessing = 0;
		};
/* End PBXResourcesBuildPhase section */

/* Begin PBXShellScriptBuildPhase section */
		208DFEAD1B558002E96770D4 /* [CP] Copy Pods Resources */ = {
			isa = PBXShellScriptBuildPhase;
			buildActionMask = 2147483647;
			files = (
			);
			inputPaths = (
			);
			name = "[CP] Copy Pods Resources";
			outputPaths = (
			);
			runOnlyForDeploymentPostprocessing = 0;
			shellPath = /bin/sh;
			shellScript = "\"${SRCROOT}/Pods/Target Support Files/Pods-MainMagicEightBallUITests/Pods-MainMagicEightBallUITests-resources.sh\"\n";
			showEnvVarsInLog = 0;
		};
		88C3D70C53FCAF4BCEAD302C /* [CP] Check Pods Manifest.lock */ = {
			isa = PBXShellScriptBuildPhase;
			buildActionMask = 2147483647;
			files = (
			);
			inputPaths = (
			);
			name = "[CP] Check Pods Manifest.lock";
			outputPaths = (
			);
			runOnlyForDeploymentPostprocessing = 0;
			shellPath = /bin/sh;
			shellScript = "diff \"${PODS_ROOT}/../Podfile.lock\" \"${PODS_ROOT}/Manifest.lock\" > /dev/null\nif [ $? != 0 ] ; then\n    # print error to STDERR\n    echo \"error: The sandbox is not in sync with the Podfile.lock. Run 'pod install' or update your CocoaPods installation.\" >&2\n    exit 1\nfi\n";
			showEnvVarsInLog = 0;
		};
		9D472D1EB0C9EBD64FCDF2AD /* [CP] Embed Pods Frameworks */ = {
			isa = PBXShellScriptBuildPhase;
			buildActionMask = 2147483647;
			files = (
			);
			inputPaths = (
			);
			name = "[CP] Embed Pods Frameworks";
			outputPaths = (
			);
			runOnlyForDeploymentPostprocessing = 0;
			shellPath = /bin/sh;
			shellScript = "\"${SRCROOT}/Pods/Target Support Files/Pods-MainMagicEightBallUITests/Pods-MainMagicEightBallUITests-frameworks.sh\"\n";
			showEnvVarsInLog = 0;
		};
/* End PBXShellScriptBuildPhase section */

/* Begin PBXSourcesBuildPhase section */
		87B469491E954F1A0061E8E5 /* Sources */ = {
			isa = PBXSourcesBuildPhase;
			buildActionMask = 2147483647;
			files = (
				87B469531E954F1A0061E8E5 /* ViewController.swift in Sources */,
				87B469511E954F1A0061E8E5 /* AppDelegate.swift in Sources */,
			);
			runOnlyForDeploymentPostprocessing = 0;
		};
		87B4695A1E954F1A0061E8E5 /* Sources */ = {
			isa = PBXSourcesBuildPhase;
			buildActionMask = 2147483647;
			files = (
				87B469631E954F1A0061E8E5 /* MainMagicEightBallTests.swift in Sources */,
			);
			runOnlyForDeploymentPostprocessing = 0;
		};
		87B469651E954F1A0061E8E5 /* Sources */ = {
			isa = PBXSourcesBuildPhase;
			buildActionMask = 2147483647;
			files = (
				874A77BC1E96A7F200FD4AB4 /* MainMagicEightSteps.swift in Sources */,
				87B4696E1E954F1A0061E8E5 /* MainMagicEightBallUITests.swift in Sources */,
			);
			runOnlyForDeploymentPostprocessing = 0;
		};
/* End PBXSourcesBuildPhase section */

/* Begin PBXTargetDependency section */
		87B469601E954F1A0061E8E5 /* PBXTargetDependency */ = {
			isa = PBXTargetDependency;
			target = 87B4694C1E954F1A0061E8E5 /* MainMagicEightBall */;
			targetProxy = 87B4695F1E954F1A0061E8E5 /* PBXContainerItemProxy */;
		};
		87B4696B1E954F1A0061E8E5 /* PBXTargetDependency */ = {
			isa = PBXTargetDependency;
			target = 87B4694C1E954F1A0061E8E5 /* MainMagicEightBall */;
			targetProxy = 87B4696A1E954F1A0061E8E5 /* PBXContainerItemProxy */;
		};
/* End PBXTargetDependency section */

/* Begin PBXVariantGroup section */
		87B469561E954F1A0061E8E5 /* Main.storyboard */ = {
			isa = PBXVariantGroup;
			children = (
				87B469571E954F1A0061E8E5 /* Base */,
			);
			name = Main.storyboard;
			sourceTree = "<group>";
		};
/* End PBXVariantGroup section */

/* Begin XCBuildConfiguration section */
		87B469701E954F1A0061E8E5 /* Debug */ = {
			isa = XCBuildConfiguration;
			buildSettings = {
				ALWAYS_SEARCH_USER_PATHS = YES;
				CLANG_ANALYZER_NONNULL = YES;
				CLANG_ANALYZER_NUMBER_OBJECT_CONVERSION = YES_AGGRESSIVE;
				CLANG_CXX_LANGUAGE_STANDARD = "gnu++0x";
				CLANG_CXX_LIBRARY = "libc++";
				CLANG_ENABLE_MODULES = YES;
				CLANG_ENABLE_OBJC_ARC = YES;
				CLANG_WARN_BOOL_CONVERSION = YES;
				CLANG_WARN_CONSTANT_CONVERSION = YES;
				CLANG_WARN_DIRECT_OBJC_ISA_USAGE = YES_ERROR;
				CLANG_WARN_DOCUMENTATION_COMMENTS = YES;
				CLANG_WARN_EMPTY_BODY = YES;
				CLANG_WARN_ENUM_CONVERSION = YES;
				CLANG_WARN_INFINITE_RECURSION = YES;
				CLANG_WARN_INT_CONVERSION = YES;
				CLANG_WARN_OBJC_ROOT_CLASS = YES_ERROR;
				CLANG_WARN_SUSPICIOUS_MOVE = YES;
				CLANG_WARN_UNREACHABLE_CODE = YES;
				CLANG_WARN__DUPLICATE_METHOD_MATCH = YES;
				CODE_SIGN_IDENTITY = "Mac Developer: tomknee1@gmail.com (TKJ27V6XDL)";
				COPY_PHASE_STRIP = NO;
				DEBUG_INFORMATION_FORMAT = dwarf;
				ENABLE_STRICT_OBJC_MSGSEND = YES;
				ENABLE_TESTABILITY = YES;
				GCC_C_LANGUAGE_STANDARD = gnu99;
				GCC_DYNAMIC_NO_PIC = NO;
				GCC_NO_COMMON_BLOCKS = YES;
				GCC_OPTIMIZATION_LEVEL = 0;
				GCC_PREPROCESSOR_DEFINITIONS = (
					"DEBUG=1",
					"$(inherited)",
				);
				GCC_WARN_64_TO_32_BIT_CONVERSION = YES;
				GCC_WARN_ABOUT_RETURN_TYPE = YES_ERROR;
				GCC_WARN_UNDECLARED_SELECTOR = YES;
				GCC_WARN_UNINITIALIZED_AUTOS = YES_AGGRESSIVE;
				GCC_WARN_UNUSED_FUNCTION = YES;
				GCC_WARN_UNUSED_VARIABLE = YES;
				MACOSX_DEPLOYMENT_TARGET = 10.12;
				MTL_ENABLE_DEBUG_INFO = YES;
				ONLY_ACTIVE_ARCH = YES;
				SDKROOT = macosx;
				SWIFT_ACTIVE_COMPILATION_CONDITIONS = DEBUG;
				SWIFT_OPTIMIZATION_LEVEL = "-Onone";
			};
			name = Debug;
		};
		87B469711E954F1A0061E8E5 /* Release */ = {
			isa = XCBuildConfiguration;
			buildSettings = {
				ALWAYS_SEARCH_USER_PATHS = YES;
				CLANG_ANALYZER_NONNULL = YES;
				CLANG_ANALYZER_NUMBER_OBJECT_CONVERSION = YES_AGGRESSIVE;
				CLANG_CXX_LANGUAGE_STANDARD = "gnu++0x";
				CLANG_CXX_LIBRARY = "libc++";
				CLANG_ENABLE_MODULES = YES;
				CLANG_ENABLE_OBJC_ARC = YES;
				CLANG_WARN_BOOL_CONVERSION = YES;
				CLANG_WARN_CONSTANT_CONVERSION = YES;
				CLANG_WARN_DIRECT_OBJC_ISA_USAGE = YES_ERROR;
				CLANG_WARN_DOCUMENTATION_COMMENTS = YES;
				CLANG_WARN_EMPTY_BODY = YES;
				CLANG_WARN_ENUM_CONVERSION = YES;
				CLANG_WARN_INFINITE_RECURSION = YES;
				CLANG_WARN_INT_CONVERSION = YES;
				CLANG_WARN_OBJC_ROOT_CLASS = YES_ERROR;
				CLANG_WARN_SUSPICIOUS_MOVE = YES;
				CLANG_WARN_UNREACHABLE_CODE = YES;
				CLANG_WARN__DUPLICATE_METHOD_MATCH = YES;
				CODE_SIGN_IDENTITY = "Mac Developer: tomknee1@gmail.com (TKJ27V6XDL)";
				COPY_PHASE_STRIP = NO;
				DEBUG_INFORMATION_FORMAT = "dwarf-with-dsym";
				ENABLE_NS_ASSERTIONS = NO;
				ENABLE_STRICT_OBJC_MSGSEND = YES;
				ENABLE_TESTABILITY = YES;
				GCC_C_LANGUAGE_STANDARD = gnu99;
				GCC_NO_COMMON_BLOCKS = YES;
				GCC_WARN_64_TO_32_BIT_CONVERSION = YES;
				GCC_WARN_ABOUT_RETURN_TYPE = YES_ERROR;
				GCC_WARN_UNDECLARED_SELECTOR = YES;
				GCC_WARN_UNINITIALIZED_AUTOS = YES_AGGRESSIVE;
				GCC_WARN_UNUSED_FUNCTION = YES;
				GCC_WARN_UNUSED_VARIABLE = YES;
				MACOSX_DEPLOYMENT_TARGET = 10.12;
				MTL_ENABLE_DEBUG_INFO = NO;
				ONLY_ACTIVE_ARCH = YES;
				"OTHER_LDFLAGS[arch=*]" = (
					"$(inherited)",
					"-framework",
					"\"XCTest_Gherkin\"",
				);
				SDKROOT = macosx;
				SWIFT_OPTIMIZATION_LEVEL = "-Owholemodule";
			};
			name = Release;
		};
		87B469731E954F1A0061E8E5 /* Debug */ = {
			isa = XCBuildConfiguration;
			buildSettings = {
				ASSETCATALOG_COMPILER_APPICON_NAME = AppIcon;
				CODE_SIGN_IDENTITY = "Mac Developer";
				COMBINE_HIDPI_IMAGES = YES;
				DEVELOPMENT_TEAM = "";
				INFOPLIST_FILE = MainMagicEightBall/Info.plist;
				LD_RUNPATH_SEARCH_PATHS = "$(inherited) @executable_path/../Frameworks";
				MACOSX_DEPLOYMENT_TARGET = 10.11;
				OTHER_LDFLAGS = "";
				PRODUCT_BUNDLE_IDENTIFIER = com.thomasknee.MainMagicEightBall;
				PRODUCT_NAME = "$(TARGET_NAME)";
				PROVISIONING_PROFILE_SPECIFIER = "";
				SWIFT_VERSION = 3.0;
			};
			name = Debug;
		};
		87B469741E954F1A0061E8E5 /* Release */ = {
			isa = XCBuildConfiguration;
			buildSettings = {
				ASSETCATALOG_COMPILER_APPICON_NAME = AppIcon;
				CODE_SIGN_IDENTITY = "Mac Developer";
				COMBINE_HIDPI_IMAGES = YES;
				DEVELOPMENT_TEAM = "";
				INFOPLIST_FILE = MainMagicEightBall/Info.plist;
				LD_RUNPATH_SEARCH_PATHS = "$(inherited) @executable_path/../Frameworks";
				MACOSX_DEPLOYMENT_TARGET = 10.11;
				OTHER_LDFLAGS = "";
				"OTHER_LDFLAGS[arch=*]" = "";
				PRODUCT_BUNDLE_IDENTIFIER = com.thomasknee.MainMagicEightBall;
				PRODUCT_NAME = "$(TARGET_NAME)";
				PROVISIONING_PROFILE_SPECIFIER = "";
				SWIFT_VERSION = 3.0;
			};
			name = Release;
		};
		87B469761E954F1A0061E8E5 /* Debug */ = {
			isa = XCBuildConfiguration;
			buildSettings = {
				ALWAYS_EMBED_SWIFT_STANDARD_LIBRARIES = YES;
				BUNDLE_LOADER = "$(TEST_HOST)";
				CODE_SIGN_IDENTITY = "Mac Developer";
				COMBINE_HIDPI_IMAGES = YES;
				DEVELOPMENT_TEAM = "";
				INFOPLIST_FILE = MainMagicEightBallTests/Info.plist;
				LD_RUNPATH_SEARCH_PATHS = "$(inherited) @executable_path/../Frameworks @loader_path/../Frameworks";
				PRODUCT_BUNDLE_IDENTIFIER = com.thomasknee.MainMagicEightBallTests;
				PRODUCT_NAME = "$(TARGET_NAME)";
				PROVISIONING_PROFILE_SPECIFIER = "";
				SWIFT_VERSION = 3.0;
				TEST_HOST = "$(BUILT_PRODUCTS_DIR)/MainMagicEightBall.app/Contents/MacOS/MainMagicEightBall";
			};
			name = Debug;
		};
		87B469771E954F1A0061E8E5 /* Release */ = {
			isa = XCBuildConfiguration;
			buildSettings = {
				ALWAYS_EMBED_SWIFT_STANDARD_LIBRARIES = YES;
				BUNDLE_LOADER = "$(TEST_HOST)";
				CODE_SIGN_IDENTITY = "Mac Developer";
				COMBINE_HIDPI_IMAGES = YES;
				DEVELOPMENT_TEAM = "";
				INFOPLIST_FILE = MainMagicEightBallTests/Info.plist;
				LD_RUNPATH_SEARCH_PATHS = "$(inherited) @executable_path/../Frameworks @loader_path/../Frameworks";
				PRODUCT_BUNDLE_IDENTIFIER = com.thomasknee.MainMagicEightBallTests;
				PRODUCT_NAME = "$(TARGET_NAME)";
				PROVISIONING_PROFILE_SPECIFIER = "";
				SWIFT_VERSION = 3.0;
				TEST_HOST = "$(BUILT_PRODUCTS_DIR)/MainMagicEightBall.app/Contents/MacOS/MainMagicEightBall";
			};
			name = Release;
		};
		87B469791E954F1A0061E8E5 /* Debug */ = {
			isa = XCBuildConfiguration;
			baseConfigurationReference = 3361D3C6DCB86B205A9FF203 /* Pods-MainMagicEightBallUITests.debug.xcconfig */;
			buildSettings = {
				ALWAYS_EMBED_SWIFT_STANDARD_LIBRARIES = YES;
				CODE_SIGN_IDENTITY = "Mac Developer";
				COMBINE_HIDPI_IMAGES = YES;
				DEVELOPMENT_TEAM = "";
				INFOPLIST_FILE = MainMagicEightBallUITests/Info.plist;
				LD_RUNPATH_SEARCH_PATHS = "$(inherited) @executable_path/../Frameworks @loader_path/../Frameworks";
				PRODUCT_BUNDLE_IDENTIFIER = com.thomasknee.MainMagicEightBallUITests;
				PRODUCT_NAME = "$(TARGET_NAME)";
				PROVISIONING_PROFILE_SPECIFIER = "";
				SWIFT_VERSION = 3.0;
				TEST_TARGET_NAME = MainMagicEightBall;
			};
			name = Debug;
		};
		87B4697A1E954F1A0061E8E5 /* Release */ = {
			isa = XCBuildConfiguration;
			baseConfigurationReference = 6ECCC9D1C4F5506932371FFB /* Pods-MainMagicEightBallUITests.release.xcconfig */;
			buildSettings = {
				ALWAYS_EMBED_SWIFT_STANDARD_LIBRARIES = YES;
				CODE_SIGN_IDENTITY = "Mac Developer";
				COMBINE_HIDPI_IMAGES = YES;
				DEVELOPMENT_TEAM = "";
				INFOPLIST_FILE = MainMagicEightBallUITests/Info.plist;
				LD_RUNPATH_SEARCH_PATHS = "$(inherited) @executable_path/../Frameworks @loader_path/../Frameworks";
				PRODUCT_BUNDLE_IDENTIFIER = com.thomasknee.MainMagicEightBallUITests;
				PRODUCT_NAME = "$(TARGET_NAME)";
				PROVISIONING_PROFILE_SPECIFIER = "";
				SWIFT_VERSION = 3.0;
				TEST_TARGET_NAME = MainMagicEightBall;
			};
			name = Release;
		};
/* End XCBuildConfiguration section */

/* Begin XCConfigurationList section */
		87B469481E954F1A0061E8E5 /* Build configuration list for PBXProject "MainMagicEightBall" */ = {
			isa = XCConfigurationList;
			buildConfigurations = (
				87B469701E954F1A0061E8E5 /* Debug */,
				87B469711E954F1A0061E8E5 /* Release */,
			);
			defaultConfigurationIsVisible = 0;
			defaultConfigurationName = Release;
		};
		87B469721E954F1A0061E8E5 /* Build configuration list for PBXNativeTarget "MainMagicEightBall" */ = {
			isa = XCConfigurationList;
			buildConfigurations = (
				87B469731E954F1A0061E8E5 /* Debug */,
				87B469741E954F1A0061E8E5 /* Release */,
			);
			defaultConfigurationIsVisible = 0;
			defaultConfigurationName = Release;
		};
		87B469751E954F1A0061E8E5 /* Build configuration list for PBXNativeTarget "MainMagicEightBallTests" */ = {
			isa = XCConfigurationList;
			buildConfigurations = (
				87B469761E954F1A0061E8E5 /* Debug */,
				87B469771E954F1A0061E8E5 /* Release */,
			);
			defaultConfigurationIsVisible = 0;
			defaultConfigurationName = Release;
		};
		87B469781E954F1A0061E8E5 /* Build configuration list for PBXNativeTarget "MainMagicEightBallUITests" */ = {
			isa = XCConfigurationList;
			buildConfigurations = (
				87B469791E954F1A0061E8E5 /* Debug */,
				87B4697A1E954F1A0061E8E5 /* Release */,
			);
			defaultConfigurationIsVisible = 0;
			defaultConfigurationName = Release;
		};
/* End XCConfigurationList section */
	};
	rootObject = 87B469451E954F1A0061E8E5 /* Project object */;
}
